
Microsoft Visual Studio Solution File, Format Version 12.00
Project("{FAE04EC0-301F-11D3-BF4B-00C04F79EFBC}") = "cw1", "cw1\cw1.csproj", "{77586C32-9135-4DAE-A5F2-F3AD82B6887B}"
EndProject
Global
	GlobalSection(SolutionConfigurationPlatforms) = preSolution
		Debug|Any CPU = Debug|Any CPU
		Release|Any CPU = Release|Any CPU
	EndGlobalSection
	GlobalSection(ProjectConfigurationPlatforms) = postSolution
		{77586C32-9135-4DAE-A5F2-F3AD82B6887B}.Debug|Any CPU.ActiveCfg = Debug|Any CPU
		{77586C32-9135-4DAE-A5F2-F3AD82B6887B}.Debug|Any CPU.Build.0 = Debug|Any CPU
		{77586C32-9135-4DAE-A5F2-F3AD82B6887B}.Release|Any CPU.ActiveCfg = Release|Any CPU
		{77586C32-9135-4DAE-A5F2-F3AD82B6887B}.Release|Any CPU.Build.0 = Release|Any CPU
	EndGlobalSection
EndGlobal
